// !$*UTF8*$!
{
	archiveVersion = 1;
	classes = {
	};
	objectVersion = 56;
	objects = {

/* Begin PBXBuildFile section */
		8121599D2B49BB4C00B7574D /* ExpenseTrackerApp.swift in Sources */ = {isa = PBXBuildFile; fileRef = 8121599C2B49BB4C00B7574D /* ExpenseTrackerApp.swift */; };
		812159A12B49BB4E00B7574D /* Assets.xcassets in Resources */ = {isa = PBXBuildFile; fileRef = 812159A02B49BB4E00B7574D /* Assets.xcassets */; };
		812159A42B49BB4E00B7574D /* Preview Assets.xcassets in Resources */ = {isa = PBXBuildFile; fileRef = 812159A32B49BB4E00B7574D /* Preview Assets.xcassets */; };
		812159AE2B49BB4E00B7574D /* ExpenseTrackerTests.swift in Sources */ = {isa = PBXBuildFile; fileRef = 812159AD2B49BB4E00B7574D /* ExpenseTrackerTests.swift */; };
		812159B82B49BB4E00B7574D /* ExpenseTrackerUITests.swift in Sources */ = {isa = PBXBuildFile; fileRef = 812159B72B49BB4E00B7574D /* ExpenseTrackerUITests.swift */; };
		812159BA2B49BB4E00B7574D /* ExpenseTrackerUITestsLaunchTests.swift in Sources */ = {isa = PBXBuildFile; fileRef = 812159B92B49BB4E00B7574D /* ExpenseTrackerUITestsLaunchTests.swift */; };
		812159C72B49BD0A00B7574D /* LogVIew.swift in Sources */ = {isa = PBXBuildFile; fileRef = 812159C62B49BD0A00B7574D /* LogVIew.swift */; };
		812159C92B49BD3200B7574D /* StartView.swift in Sources */ = {isa = PBXBuildFile; fileRef = 812159C82B49BD3200B7574D /* StartView.swift */; };
		812159CB2B49BD4000B7574D /* MainView.swift in Sources */ = {isa = PBXBuildFile; fileRef = 812159CA2B49BD4000B7574D /* MainView.swift */; };
		812159CE2B49C0C100B7574D /* UserData.swift in Sources */ = {isa = PBXBuildFile; fileRef = 812159CD2B49C0C100B7574D /* UserData.swift */; };
		812159D32B49D9A300B7574D /* EditTransactionView.swift in Sources */ = {isa = PBXBuildFile; fileRef = 812159D22B49D9A300B7574D /* EditTransactionView.swift */; };
		812159D62B49F81200B7574D /* AddTransactionView.swift in Sources */ = {isa = PBXBuildFile; fileRef = 812159D52B49F81200B7574D /* AddTransactionView.swift */; };
		819865DE2B4EDB200035970F /* RegistrView.swift in Sources */ = {isa = PBXBuildFile; fileRef = 819865DD2B4EDB200035970F /* RegistrView.swift */; };
/* End PBXBuildFile section */

/* Begin PBXContainerItemProxy section */
		812159AA2B49BB4E00B7574D /* PBXContainerItemProxy */ = {
			isa = PBXContainerItemProxy;
			containerPortal = 812159912B49BB4C00B7574D /* Project object */;
			proxyType = 1;
			remoteGlobalIDString = 812159982B49BB4C00B7574D;
			remoteInfo = ExpenseTracker;
		};
		812159B42B49BB4E00B7574D /* PBXContainerItemProxy */ = {
			isa = PBXContainerItemProxy;
			containerPortal = 812159912B49BB4C00B7574D /* Project object */;
			proxyType = 1;
			remoteGlobalIDString = 812159982B49BB4C00B7574D;
			remoteInfo = ExpenseTracker;
		};
/* End PBXContainerItemProxy section */

/* Begin PBXFileReference section */
		812159992B49BB4C00B7574D /* ExpenseTracker.app */ = {isa = PBXFileReference; explicitFileType = wrapper.application; includeInIndex = 0; path = ExpenseTracker.app; sourceTree = BUILT_PRODUCTS_DIR; };
		8121599C2B49BB4C00B7574D /* ExpenseTrackerApp.swift */ = {isa = PBXFileReference; lastKnownFileType = sourcecode.swift; path = ExpenseTrackerApp.swift; sourceTree = "<group>"; };
		812159A02B49BB4E00B7574D /* Assets.xcassets */ = {isa = PBXFileReference; lastKnownFileType = folder.assetcatalog; path = Assets.xcassets; sourceTree = "<group>"; };
		812159A32B49BB4E00B7574D /* Preview Assets.xcassets */ = {isa = PBXFileReference; lastKnownFileType = folder.assetcatalog; path = "Preview Assets.xcassets"; sourceTree = "<group>"; };
		812159A92B49BB4E00B7574D /* ExpenseTrackerTests.xctest */ = {isa = PBXFileReference; explicitFileType = wrapper.cfbundle; includeInIndex = 0; path = ExpenseTrackerTests.xctest; sourceTree = BUILT_PRODUCTS_DIR; };
		812159AD2B49BB4E00B7574D /* ExpenseTrackerTests.swift */ = {isa = PBXFileReference; lastKnownFileType = sourcecode.swift; path = ExpenseTrackerTests.swift; sourceTree = "<group>"; };
		812159B32B49BB4E00B7574D /* ExpenseTrackerUITests.xctest */ = {isa = PBXFileReference; explicitFileType = wrapper.cfbundle; includeInIndex = 0; path = ExpenseTrackerUITests.xctest; sourceTree = BUILT_PRODUCTS_DIR; };
		812159B72B49BB4E00B7574D /* ExpenseTrackerUITests.swift */ = {isa = PBXFileReference; lastKnownFileType = sourcecode.swift; path = ExpenseTrackerUITests.swift; sourceTree = "<group>"; };
		812159B92B49BB4E00B7574D /* ExpenseTrackerUITestsLaunchTests.swift */ = {isa = PBXFileReference; lastKnownFileType = sourcecode.swift; path = ExpenseTrackerUITestsLaunchTests.swift; sourceTree = "<group>"; };
		812159C62B49BD0A00B7574D /* LogVIew.swift */ = {isa = PBXFileReference; lastKnownFileType = sourcecode.swift; path = LogVIew.swift; sourceTree = "<group>"; };
		812159C82B49BD3200B7574D /* StartView.swift */ = {isa = PBXFileReference; lastKnownFileType = sourcecode.swift; path = StartView.swift; sourceTree = "<group>"; };
		812159CA2B49BD4000B7574D /* MainView.swift */ = {isa = PBXFileReference; lastKnownFileType = sourcecode.swift; path = MainView.swift; sourceTree = "<group>"; };
		812159CD2B49C0C100B7574D /* UserData.swift */ = {isa = PBXFileReference; lastKnownFileType = sourcecode.swift; path = UserData.swift; sourceTree = "<group>"; };
		812159D22B49D9A300B7574D /* EditTransactionView.swift */ = {isa = PBXFileReference; lastKnownFileType = sourcecode.swift; path = EditTransactionView.swift; sourceTree = "<group>"; };
		812159D52B49F81200B7574D /* AddTransactionView.swift */ = {isa = PBXFileReference; lastKnownFileType = sourcecode.swift; path = AddTransactionView.swift; sourceTree = "<group>"; };
		819865DD2B4EDB200035970F /* RegistrView.swift */ = {isa = PBXFileReference; lastKnownFileType = sourcecode.swift; path = RegistrView.swift; sourceTree = "<group>"; };
/* End PBXFileReference section */

/* Begin PBXFrameworksBuildPhase section */
		812159962B49BB4C00B7574D /* Frameworks */ = {
			isa = PBXFrameworksBuildPhase;
			buildActionMask = 2147483647;
			files = (
			);
			runOnlyForDeploymentPostprocessing = 0;
		};
		812159A62B49BB4E00B7574D /* Frameworks */ = {
			isa = PBXFrameworksBuildPhase;
			buildActionMask = 2147483647;
			files = (
			);
			runOnlyForDeploymentPostprocessing = 0;
		};
		812159B02B49BB4E00B7574D /* Frameworks */ = {
			isa = PBXFrameworksBuildPhase;
			buildActionMask = 2147483647;
			files = (
			);
			runOnlyForDeploymentPostprocessing = 0;
		};
/* End PBXFrameworksBuildPhase section */

/* Begin PBXGroup section */
		812159902B49BB4C00B7574D = {
			isa = PBXGroup;
			children = (
				8121599B2B49BB4C00B7574D /* ExpenseTracker */,
				812159AC2B49BB4E00B7574D /* ExpenseTrackerTests */,
				812159B62B49BB4E00B7574D /* ExpenseTrackerUITests */,
				8121599A2B49BB4C00B7574D /* Products */,
			);
			sourceTree = "<group>";
		};
		8121599A2B49BB4C00B7574D /* Products */ = {
			isa = PBXGroup;
			children = (
				812159992B49BB4C00B7574D /* ExpenseTracker.app */,
				812159A92B49BB4E00B7574D /* ExpenseTrackerTests.xctest */,
				812159B32B49BB4E00B7574D /* ExpenseTrackerUITests.xctest */,
			);
			name = Products;
			sourceTree = "<group>";
		};
		8121599B2B49BB4C00B7574D /* ExpenseTracker */ = {
			isa = PBXGroup;
			children = (
				8121599C2B49BB4C00B7574D /* ExpenseTrackerApp.swift */,
				812159CC2B49BD4300B7574D /* Views */,
				812159CF2B49C0C800B7574D /* Data */,
				812159A02B49BB4E00B7574D /* Assets.xcassets */,
				812159A22B49BB4E00B7574D /* Preview Content */,
			);
			path = ExpenseTracker;
			sourceTree = "<group>";
		};
		812159A22B49BB4E00B7574D /* Preview Content */ = {
			isa = PBXGroup;
			children = (
				812159A32B49BB4E00B7574D /* Preview Assets.xcassets */,
			);
			path = "Preview Content";
			sourceTree = "<group>";
		};
		812159AC2B49BB4E00B7574D /* ExpenseTrackerTests */ = {
			isa = PBXGroup;
			children = (
				812159AD2B49BB4E00B7574D /* ExpenseTrackerTests.swift */,
			);
			path = ExpenseTrackerTests;
			sourceTree = "<group>";
		};
		812159B62B49BB4E00B7574D /* ExpenseTrackerUITests */ = {
			isa = PBXGroup;
			children = (
				812159B72B49BB4E00B7574D /* ExpenseTrackerUITests.swift */,
				812159B92B49BB4E00B7574D /* ExpenseTrackerUITestsLaunchTests.swift */,
			);
			path = ExpenseTrackerUITests;
			sourceTree = "<group>";
		};
		812159CC2B49BD4300B7574D /* Views */ = {
			isa = PBXGroup;
			children = (
				812159C62B49BD0A00B7574D /* LogVIew.swift */,
				819865DD2B4EDB200035970F /* RegistrView.swift */,
				812159C82B49BD3200B7574D /* StartView.swift */,
				812159CA2B49BD4000B7574D /* MainView.swift */,
				812159D42B49F56900B7574D /* SheetViews */,
			);
			path = Views;
			sourceTree = "<group>";
		};
		812159CF2B49C0C800B7574D /* Data */ = {
			isa = PBXGroup;
			children = (
				812159CD2B49C0C100B7574D /* UserData.swift */,
			);
			path = Data;
			sourceTree = "<group>";
		};
		812159D42B49F56900B7574D /* SheetViews */ = {
			isa = PBXGroup;
			children = (
				812159D22B49D9A300B7574D /* EditTransactionView.swift */,
				812159D52B49F81200B7574D /* AddTransactionView.swift */,
			);
			path = SheetViews;
			sourceTree = "<group>";
		};
/* End PBXGroup section */

/* Begin PBXNativeTarget section */
		812159982B49BB4C00B7574D /* ExpenseTracker */ = {
			isa = PBXNativeTarget;
			buildConfigurationList = 812159BD2B49BB4E00B7574D /* Build configuration list for PBXNativeTarget "ExpenseTracker" */;
			buildPhases = (
				812159952B49BB4C00B7574D /* Sources */,
				812159962B49BB4C00B7574D /* Frameworks */,
				812159972B49BB4C00B7574D /* Resources */,
			);
			buildRules = (
			);
			dependencies = (
			);
			name = ExpenseTracker;
			productName = ExpenseTracker;
			productReference = 812159992B49BB4C00B7574D /* ExpenseTracker.app */;
			productType = "com.apple.product-type.application";
		};
		812159A82B49BB4E00B7574D /* ExpenseTrackerTests */ = {
			isa = PBXNativeTarget;
			buildConfigurationList = 812159C02B49BB4E00B7574D /* Build configuration list for PBXNativeTarget "ExpenseTrackerTests" */;
			buildPhases = (
				812159A52B49BB4E00B7574D /* Sources */,
				812159A62B49BB4E00B7574D /* Frameworks */,
				812159A72B49BB4E00B7574D /* Resources */,
			);
			buildRules = (
			);
			dependencies = (
				812159AB2B49BB4E00B7574D /* PBXTargetDependency */,
			);
			name = ExpenseTrackerTests;
			productName = ExpenseTrackerTests;
			productReference = 812159A92B49BB4E00B7574D /* ExpenseTrackerTests.xctest */;
			productType = "com.apple.product-type.bundle.unit-test";
		};
		812159B22B49BB4E00B7574D /* ExpenseTrackerUITests */ = {
			isa = PBXNativeTarget;
			buildConfigurationList = 812159C32B49BB4E00B7574D /* Build configuration list for PBXNativeTarget "ExpenseTrackerUITests" */;
			buildPhases = (
				812159AF2B49BB4E00B7574D /* Sources */,
				812159B02B49BB4E00B7574D /* Frameworks */,
				812159B12B49BB4E00B7574D /* Resources */,
			);
			buildRules = (
			);
			dependencies = (
				812159B52B49BB4E00B7574D /* PBXTargetDependency */,
			);
			name = ExpenseTrackerUITests;
			productName = ExpenseTrackerUITests;
			productReference = 812159B32B49BB4E00B7574D /* ExpenseTrackerUITests.xctest */;
			productType = "com.apple.product-type.bundle.ui-testing";
		};
/* End PBXNativeTarget section */

/* Begin PBXProject section */
		812159912B49BB4C00B7574D /* Project object */ = {
			isa = PBXProject;
			attributes = {
				BuildIndependentTargetsInParallel = 1;
				LastSwiftUpdateCheck = 1510;
				LastUpgradeCheck = 1510;
				TargetAttributes = {
					812159982B49BB4C00B7574D = {
						CreatedOnToolsVersion = 15.1;
					};
					812159A82B49BB4E00B7574D = {
						CreatedOnToolsVersion = 15.1;
						TestTargetID = 812159982B49BB4C00B7574D;
					};
					812159B22B49BB4E00B7574D = {
						CreatedOnToolsVersion = 15.1;
						TestTargetID = 812159982B49BB4C00B7574D;
					};
				};
			};
			buildConfigurationList = 812159942B49BB4C00B7574D /* Build configuration list for PBXProject "ExpenseTracker" */;
			compatibilityVersion = "Xcode 14.0";
			developmentRegion = en;
			hasScannedForEncodings = 0;
			knownRegions = (
				en,
				Base,
			);
			mainGroup = 812159902B49BB4C00B7574D;
			productRefGroup = 8121599A2B49BB4C00B7574D /* Products */;
			projectDirPath = "";
			projectRoot = "";
			targets = (
				812159982B49BB4C00B7574D /* ExpenseTracker */,
				812159A82B49BB4E00B7574D /* ExpenseTrackerTests */,
				812159B22B49BB4E00B7574D /* ExpenseTrackerUITests */,
			);
		};
/* End PBXProject section */

/* Begin PBXResourcesBuildPhase section */
		812159972B49BB4C00B7574D /* Resources */ = {
			isa = PBXResourcesBuildPhase;
			buildActionMask = 2147483647;
			files = (
				812159A42B49BB4E00B7574D /* Preview Assets.xcassets in Resources */,
				812159A12B49BB4E00B7574D /* Assets.xcassets in Resources */,
			);
			runOnlyForDeploymentPostprocessing = 0;
		};
		812159A72B49BB4E00B7574D /* Resources */ = {
			isa = PBXResourcesBuildPhase;
			buildActionMask = 2147483647;
			files = (
			);
			runOnlyForDeploymentPostprocessing = 0;
		};
		812159B12B49BB4E00B7574D /* Resources */ = {
			isa = PBXResourcesBuildPhase;
			buildActionMask = 2147483647;
			files = (
			);
			runOnlyForDeploymentPostprocessing = 0;
		};
/* End PBXResourcesBuildPhase section */

/* Begin PBXSourcesBuildPhase section */
		812159952B49BB4C00B7574D /* Sources */ = {
			isa = PBXSourcesBuildPhase;
			buildActionMask = 2147483647;
			files = (
				812159D62B49F81200B7574D /* AddTransactionView.swift in Sources */,
				812159CE2B49C0C100B7574D /* UserData.swift in Sources */,
				812159C72B49BD0A00B7574D /* LogVIew.swift in Sources */,
				812159D32B49D9A300B7574D /* EditTransactionView.swift in Sources */,
				8121599D2B49BB4C00B7574D /* ExpenseTrackerApp.swift in Sources */,
				812159CB2B49BD4000B7574D /* MainView.swift in Sources */,
				812159C92B49BD3200B7574D /* StartView.swift in Sources */,
				819865DE2B4EDB200035970F /* RegistrView.swift in Sources */,
			);
			runOnlyForDeploymentPostprocessing = 0;
		};
		812159A52B49BB4E00B7574D /* Sources */ = {
			isa = PBXSourcesBuildPhase;
			buildActionMask = 2147483647;
			files = (
				812159AE2B49BB4E00B7574D /* ExpenseTrackerTests.swift in Sources */,
			);
			runOnlyForDeploymentPostprocessing = 0;
		};
		812159AF2B49BB4E00B7574D /* Sources */ = {
			isa = PBXSourcesBuildPhase;
			buildActionMask = 2147483647;
			files = (
				812159BA2B49BB4E00B7574D /* ExpenseTrackerUITestsLaunchTests.swift in Sources */,
				812159B82B49BB4E00B7574D /* ExpenseTrackerUITests.swift in Sources */,
			);
			runOnlyForDeploymentPostprocessing = 0;
		};
/* End PBXSourcesBuildPhase section */

/* Begin PBXTargetDependency section */
		812159AB2B49BB4E00B7574D /* PBXTargetDependency */ = {
			isa = PBXTargetDependency;
			target = 812159982B49BB4C00B7574D /* ExpenseTracker */;
			targetProxy = 812159AA2B49BB4E00B7574D /* PBXContainerItemProxy */;
		};
		812159B52B49BB4E00B7574D /* PBXTargetDependency */ = {
			isa = PBXTargetDependency;
			target = 812159982B49BB4C00B7574D /* ExpenseTracker */;
			targetProxy = 812159B42B49BB4E00B7574D /* PBXContainerItemProxy */;
		};
/* End PBXTargetDependency section */

/* Begin XCBuildConfiguration section */
		812159BB2B49BB4E00B7574D /* Debug */ = {
			isa = XCBuildConfiguration;
			buildSettings = {
				ALWAYS_SEARCH_USER_PATHS = NO;
				ASSETCATALOG_COMPILER_GENERATE_SWIFT_ASSET_SYMBOL_EXTENSIONS = YES;
				CLANG_ANALYZER_NONNULL = YES;
				CLANG_ANALYZER_NUMBER_OBJECT_CONVERSION = YES_AGGRESSIVE;
				CLANG_CXX_LANGUAGE_STANDARD = "gnu++20";
				CLANG_ENABLE_MODULES = YES;
				CLANG_ENABLE_OBJC_ARC = YES;
				CLANG_ENABLE_OBJC_WEAK = YES;
				CLANG_WARN_BLOCK_CAPTURE_AUTORELEASING = YES;
				CLANG_WARN_BOOL_CONVERSION = YES;
				CLANG_WARN_COMMA = YES;
				CLANG_WARN_CONSTANT_CONVERSION = YES;
				CLANG_WARN_DEPRECATED_OBJC_IMPLEMENTATIONS = YES;
				CLANG_WARN_DIRECT_OBJC_ISA_USAGE = YES_ERROR;
				CLANG_WARN_DOCUMENTATION_COMMENTS = YES;
				CLANG_WARN_EMPTY_BODY = YES;
				CLANG_WARN_ENUM_CONVERSION = YES;
				CLANG_WARN_INFINITE_RECURSION = YES;
				CLANG_WARN_INT_CONVERSION = YES;
				CLANG_WARN_NON_LITERAL_NULL_CONVERSION = YES;
				CLANG_WARN_OBJC_IMPLICIT_RETAIN_SELF = YES;
				CLANG_WARN_OBJC_LITERAL_CONVERSION = YES;
				CLANG_WARN_OBJC_ROOT_CLASS = YES_ERROR;
				CLANG_WARN_QUOTED_INCLUDE_IN_FRAMEWORK_HEADER = YES;
				CLANG_WARN_RANGE_LOOP_ANALYSIS = YES;
				CLANG_WARN_STRICT_PROTOTYPES = YES;
				CLANG_WARN_SUSPICIOUS_MOVE = YES;
				CLANG_WARN_UNGUARDED_AVAILABILITY = YES_AGGRESSIVE;
				CLANG_WARN_UNREACHABLE_CODE = YES;
				CLANG_WARN__DUPLICATE_METHOD_MATCH = YES;
				COPY_PHASE_STRIP = NO;
				DEBUG_INFORMATION_FORMAT = dwarf;
				ENABLE_STRICT_OBJC_MSGSEND = YES;
				ENABLE_TESTABILITY = YES;
				ENABLE_USER_SCRIPT_SANDBOXING = YES;
				GCC_C_LANGUAGE_STANDARD = gnu17;
				GCC_DYNAMIC_NO_PIC = NO;
				GCC_NO_COMMON_BLOCKS = YES;
				GCC_OPTIMIZATION_LEVEL = 0;
				GCC_PREPROCESSOR_DEFINITIONS = (
					"DEBUG=1",
					"$(inherited)",
				);
				GCC_WARN_64_TO_32_BIT_CONVERSION = YES;
				GCC_WARN_ABOUT_RETURN_TYPE = YES_ERROR;
				GCC_WARN_UNDECLARED_SELECTOR = YES;
				GCC_WARN_UNINITIALIZED_AUTOS = YES_AGGRESSIVE;
				GCC_WARN_UNUSED_FUNCTION = YES;
				GCC_WARN_UNUSED_VARIABLE = YES;
				IPHONEOS_DEPLOYMENT_TARGET = 17.0;
				LOCALIZATION_PREFERS_STRING_CATALOGS = YES;
				MTL_ENABLE_DEBUG_INFO = INCLUDE_SOURCE;
				MTL_FAST_MATH = YES;
				ONLY_ACTIVE_ARCH = YES;
				SDKROOT = iphoneos;
				SWIFT_ACTIVE_COMPILATION_CONDITIONS = "DEBUG $(inherited)";
				SWIFT_OPTIMIZATION_LEVEL = "-Onone";
			};
			name = Debug;
		};
		812159BC2B49BB4E00B7574D /* Release */ = {
			isa = XCBuildConfiguration;
			buildSettings = {
				ALWAYS_SEARCH_USER_PATHS = NO;
				ASSETCATALOG_COMPILER_GENERATE_SWIFT_ASSET_SYMBOL_EXTENSIONS = YES;
				CLANG_ANALYZER_NONNULL = YES;
				CLANG_ANALYZER_NUMBER_OBJECT_CONVERSION = YES_AGGRESSIVE;
				CLANG_CXX_LANGUAGE_STANDARD = "gnu++20";
				CLANG_ENABLE_MODULES = YES;
				CLANG_ENABLE_OBJC_ARC = YES;
				CLANG_ENABLE_OBJC_WEAK = YES;
				CLANG_WARN_BLOCK_CAPTURE_AUTORELEASING = YES;
				CLANG_WARN_BOOL_CONVERSION = YES;
				CLANG_WARN_COMMA = YES;
				CLANG_WARN_CONSTANT_CONVERSION = YES;
				CLANG_WARN_DEPRECATED_OBJC_IMPLEMENTATIONS = YES;
				CLANG_WARN_DIRECT_OBJC_ISA_USAGE = YES_ERROR;
				CLANG_WARN_DOCUMENTATION_COMMENTS = YES;
				CLANG_WARN_EMPTY_BODY = YES;
				CLANG_WARN_ENUM_CONVERSION = YES;
				CLANG_WARN_INFINITE_RECURSION = YES;
				CLANG_WARN_INT_CONVERSION = YES;
				CLANG_WARN_NON_LITERAL_NULL_CONVERSION = YES;
				CLANG_WARN_OBJC_IMPLICIT_RETAIN_SELF = YES;
				CLANG_WARN_OBJC_LITERAL_CONVERSION = YES;
				CLANG_WARN_OBJC_ROOT_CLASS = YES_ERROR;
				CLANG_WARN_QUOTED_INCLUDE_IN_FRAMEWORK_HEADER = YES;
				CLANG_WARN_RANGE_LOOP_ANALYSIS = YES;
				CLANG_WARN_STRICT_PROTOTYPES = YES;
				CLANG_WARN_SUSPICIOUS_MOVE = YES;
				CLANG_WARN_UNGUARDED_AVAILABILITY = YES_AGGRESSIVE;
				CLANG_WARN_UNREACHABLE_CODE = YES;
				CLANG_WARN__DUPLICATE_METHOD_MATCH = YES;
				COPY_PHASE_STRIP = NO;
				DEBUG_INFORMATION_FORMAT = "dwarf-with-dsym";
				ENABLE_NS_ASSERTIONS = NO;
				ENABLE_STRICT_OBJC_MSGSEND = YES;
				ENABLE_USER_SCRIPT_SANDBOXING = YES;
				GCC_C_LANGUAGE_STANDARD = gnu17;
				GCC_NO_COMMON_BLOCKS = YES;
				GCC_WARN_64_TO_32_BIT_CONVERSION = YES;
				GCC_WARN_ABOUT_RETURN_TYPE = YES_ERROR;
				GCC_WARN_UNDECLARED_SELECTOR = YES;
				GCC_WARN_UNINITIALIZED_AUTOS = YES_AGGRESSIVE;
				GCC_WARN_UNUSED_FUNCTION = YES;
				GCC_WARN_UNUSED_VARIABLE = YES;
				IPHONEOS_DEPLOYMENT_TARGET = 17.0;
				LOCALIZATION_PREFERS_STRING_CATALOGS = YES;
				MTL_ENABLE_DEBUG_INFO = NO;
				MTL_FAST_MATH = YES;
				SDKROOT = iphoneos;
				SWIFT_COMPILATION_MODE = wholemodule;
				VALIDATE_PRODUCT = YES;
			};
			name = Release;
		};
		812159BE2B49BB4E00B7574D /* Debug */ = {
			isa = XCBuildConfiguration;
			buildSettings = {
				ASSETCATALOG_COMPILER_APPICON_NAME = AppIcon;
				ASSETCATALOG_COMPILER_GLOBAL_ACCENT_COLOR_NAME = AccentColor;
				CODE_SIGN_STYLE = Automatic;
				CURRENT_PROJECT_VERSION = 1;
				DEVELOPMENT_ASSET_PATHS = "\"ExpenseTracker/Preview Content\"";
				DEVELOPMENT_TEAM = 8UJ348LDS3;
				ENABLE_PREVIEWS = YES;
				GENERATE_INFOPLIST_FILE = YES;
				INFOPLIST_KEY_UIApplicationSceneManifest_Generation = YES;
				INFOPLIST_KEY_UIApplicationSupportsIndirectInputEvents = YES;
				INFOPLIST_KEY_UILaunchScreen_Generation = YES;
				INFOPLIST_KEY_UISupportedInterfaceOrientations_iPad = "UIInterfaceOrientationPortrait UIInterfaceOrientationPortraitUpsideDown UIInterfaceOrientationLandscapeLeft UIInterfaceOrientationLandscapeRight";
				INFOPLIST_KEY_UISupportedInterfaceOrientations_iPhone = "UIInterfaceOrientationPortrait UIInterfaceOrientationLandscapeLeft UIInterfaceOrientationLandscapeRight";
				LD_RUNPATH_SEARCH_PATHS = (
					"$(inherited)",
					"@executable_path/Frameworks",
				);
				MARKETING_VERSION = 1.0;
				PRODUCT_BUNDLE_IDENTIFIER = com.Kozhemyakin.ExpenseTracker;
				PRODUCT_NAME = "$(TARGET_NAME)";
				SWIFT_EMIT_LOC_STRINGS = YES;
				SWIFT_VERSION = 5.0;
				TARGETED_DEVICE_FAMILY = "1,2";
			};
			name = Debug;
		};
		812159BF2B49BB4E00B7574D /* Release */ = {
			isa = XCBuildConfiguration;
			buildSettings = {
				ASSETCATALOG_COMPILER_APPICON_NAME = AppIcon;
				ASSETCATALOG_COMPILER_GLOBAL_ACCENT_COLOR_NAME = AccentColor;
				CODE_SIGN_STYLE = Automatic;
				CURRENT_PROJECT_VERSION = 1;
				DEVELOPMENT_ASSET_PATHS = "\"ExpenseTracker/Preview Content\"";
				DEVELOPMENT_TEAM = 8UJ348LDS3;
				ENABLE_PREVIEWS = YES;
				GENERATE_INFOPLIST_FILE = YES;
				INFOPLIST_KEY_UIApplicationSceneManifest_Generation = YES;
				INFOPLIST_KEY_UIApplicationSupportsIndirectInputEvents = YES;
				INFOPLIST_KEY_UILaunchScreen_Generation = YES;
				INFOPLIST_KEY_UISupportedInterfaceOrientations_iPad = "UIInterfaceOrientationPortrait UIInterfaceOrientationPortraitUpsideDown UIInterfaceOrientationLandscapeLeft UIInterfaceOrientationLandscapeRight";
				INFOPLIST_KEY_UISupportedInterfaceOrientations_iPhone = "UIInterfaceOrientationPortrait UIInterfaceOrientationLandscapeLeft UIInterfaceOrientationLandscapeRight";
				LD_RUNPATH_SEARCH_PATHS = (
					"$(inherited)",
					"@executable_path/Frameworks",
				);
				MARKETING_VERSION = 1.0;
				PRODUCT_BUNDLE_IDENTIFIER = com.Kozhemyakin.ExpenseTracker;
				PRODUCT_NAME = "$(TARGET_NAME)";
				SWIFT_EMIT_LOC_STRINGS = YES;
				SWIFT_VERSION = 5.0;
				TARGETED_DEVICE_FAMILY = "1,2";
			};
			name = Release;
		};
		812159C12B49BB4E00B7574D /* Debug */ = {
			isa = XCBuildConfiguration;
			buildSettings = {
				ALWAYS_EMBED_SWIFT_STANDARD_LIBRARIES = YES;
				BUNDLE_LOADER = "$(TEST_HOST)";
				CODE_SIGN_STYLE = Automatic;
				CURRENT_PROJECT_VERSION = 1;
				DEVELOPMENT_TEAM = 8UJ348LDS3;
				GENERATE_INFOPLIST_FILE = YES;
				IPHONEOS_DEPLOYMENT_TARGET = 17.0;
				MARKETING_VERSION = 1.0;
				PRODUCT_BUNDLE_IDENTIFIER = com.Kozhemyakin.ExpenseTrackerTests;
				PRODUCT_NAME = "$(TARGET_NAME)";
				SWIFT_EMIT_LOC_STRINGS = NO;
				SWIFT_VERSION = 5.0;
				TARGETED_DEVICE_FAMILY = "1,2";
				TEST_HOST = "$(BUILT_PRODUCTS_DIR)/ExpenseTracker.app/$(BUNDLE_EXECUTABLE_FOLDER_PATH)/ExpenseTracker";
			};
			name = Debug;
		};
		812159C22B49BB4E00B7574D /* Release */ = {
			isa = XCBuildConfiguration;
			buildSettings = {
				ALWAYS_EMBED_SWIFT_STANDARD_LIBRARIES = YES;
				BUNDLE_LOADER = "$(TEST_HOST)";
				CODE_SIGN_STYLE = Automatic;
				CURRENT_PROJECT_VERSION = 1;
				DEVELOPMENT_TEAM = 8UJ348LDS3;
				GENERATE_INFOPLIST_FILE = YES;
				IPHONEOS_DEPLOYMENT_TARGET = 17.0;
				MARKETING_VERSION = 1.0;
				PRODUCT_BUNDLE_IDENTIFIER = com.Kozhemyakin.ExpenseTrackerTests;
				PRODUCT_NAME = "$(TARGET_NAME)";
				SWIFT_EMIT_LOC_STRINGS = NO;
				SWIFT_VERSION = 5.0;
				TARGETED_DEVICE_FAMILY = "1,2";
				TEST_HOST = "$(BUILT_PRODUCTS_DIR)/ExpenseTracker.app/$(BUNDLE_EXECUTABLE_FOLDER_PATH)/ExpenseTracker";
			};
			name = Release;
		};
		812159C42B49BB4E00B7574D /* Debug */ = {
			isa = XCBuildConfiguration;
			buildSettings = {
				ALWAYS_EMBED_SWIFT_STANDARD_LIBRARIES = YES;
				CODE_SIGN_STYLE = Automatic;
				CURRENT_PROJECT_VERSION = 1;
				DEVELOPMENT_TEAM = 8UJ348LDS3;
				GENERATE_INFOPLIST_FILE = YES;
				MARKETING_VERSION = 1.0;
				PRODUCT_BUNDLE_IDENTIFIER = com.Kozhemyakin.ExpenseTrackerUITests;
				PRODUCT_NAME = "$(TARGET_NAME)";
				SWIFT_EMIT_LOC_STRINGS = NO;
				SWIFT_VERSION = 5.0;
				TARGETED_DEVICE_FAMILY = "1,2";
				TEST_TARGET_NAME = ExpenseTracker;
			};
			name = Debug;
		};
		812159C52B49BB4E00B7574D /* Release */ = {
			isa = XCBuildConfiguration;
			buildSettings = {
				ALWAYS_EMBED_SWIFT_STANDARD_LIBRARIES = YES;
				CODE_SIGN_STYLE = Automatic;
				CURRENT_PROJECT_VERSION = 1;
				DEVELOPMENT_TEAM = 8UJ348LDS3;
				GENERATE_INFOPLIST_FILE = YES;
				MARKETING_VERSION = 1.0;
				PRODUCT_BUNDLE_IDENTIFIER = com.Kozhemyakin.ExpenseTrackerUITests;
				PRODUCT_NAME = "$(TARGET_NAME)";
				SWIFT_EMIT_LOC_STRINGS = NO;
				SWIFT_VERSION = 5.0;
				TARGETED_DEVICE_FAMILY = "1,2";
				TEST_TARGET_NAME = ExpenseTracker;
			};
			name = Release;
		};
/* End XCBuildConfiguration section */

/* Begin XCConfigurationList section */
		812159942B49BB4C00B7574D /* Build configuration list for PBXProject "ExpenseTracker" */ = {
			isa = XCConfigurationList;
			buildConfigurations = (
				812159BB2B49BB4E00B7574D /* Debug */,
				812159BC2B49BB4E00B7574D /* Release */,
			);
			defaultConfigurationIsVisible = 0;
			defaultConfigurationName = Release;
		};
		812159BD2B49BB4E00B7574D /* Build configuration list for PBXNativeTarget "ExpenseTracker" */ = {
			isa = XCConfigurationList;
			buildConfigurations = (
				812159BE2B49BB4E00B7574D /* Debug */,
				812159BF2B49BB4E00B7574D /* Release */,
			);
			defaultConfigurationIsVisible = 0;
			defaultConfigurationName = Release;
		};
		812159C02B49BB4E00B7574D /* Build configuration list for PBXNativeTarget "ExpenseTrackerTests" */ = {
			isa = XCConfigurationList;
			buildConfigurations = (
				812159C12B49BB4E00B7574D /* Debug */,
				812159C22B49BB4E00B7574D /* Release */,
			);
			defaultConfigurationIsVisible = 0;
			defaultConfigurationName = Release;
		};
		812159C32B49BB4E00B7574D /* Build configuration list for PBXNativeTarget "ExpenseTrackerUITests" */ = {
			isa = XCConfigurationList;
			buildConfigurations = (
				812159C42B49BB4E00B7574D /* Debug */,
				812159C52B49BB4E00B7574D /* Release */,
			);
			defaultConfigurationIsVisible = 0;
			defaultConfigurationName = Release;
		};
/* End XCConfigurationList section */
	};
	rootObject = 812159912B49BB4C00B7574D /* Project object */;
}
